
Microsoft Visual Studio Solution File, Format Version 12.00
# Visual Studio Version 17
VisualStudioVersion = 17.0.31903.59
MinimumVisualStudioVersion = 10.0.40219.1
Project("{9A19103F-16F7-4668-BE54-9A1E7A4F7556}") = "01_Advanced_Arrays", "01_Advanced_Arrays\01_Advanced_Arrays.csproj", "{5EFD34E8-9DFB-451A-8934-9960E386F2B5}"
EndProject
Project("{9A19103F-16F7-4668-BE54-9A1E7A4F7556}") = "02_RefReturn_RefLocal", "02_RefReturn_RefLocal\02_RefReturn_RefLocal.csproj", "{C19E12A6-C5D6-48D4-B202-0872055B8696}"
EndProject
Project("{9A19103F-16F7-4668-BE54-9A1E7A4F7556}") = "03_Operator_Overloading", "03_Operator_Overloading\03_Operator_Overloading.csproj", "{0C547DC6-FB86-4D68-9694-363372CBA154}"
EndProject
Project("{9A19103F-16F7-4668-BE54-9A1E7A4F7556}") = "04_Implicit_Explicit", "04_Implicit_Explicit\04_Implicit_Explicit.csproj", "{88CE6D0E-BCF5-489C-B9FD-A4298EE31B32}"
EndProject
Project("{9A19103F-16F7-4668-BE54-9A1E7A4F7556}") = "05_Exception_Handling", "05_Exception_Handling\05_Exception_Handling.csproj", "{0AB7EF68-BFD9-4E36-B98F-78FE46497C81}"
EndProject
Project("{9A19103F-16F7-4668-BE54-9A1E7A4F7556}") = "06_Dynamic_Object", "06_Dynamic_Object\06_Dynamic_Object.csproj", "{302AA98D-5467-4250-A773-16C7FDA08C16}"
EndProject
Project("{9A19103F-16F7-4668-BE54-9A1E7A4F7556}") = "07_Generics", "07_Generics\07_Generics.csproj", "{E70A7AF6-D3F9-4BDD-B7AF-50852709FC0F}"
EndProject
Project("{9A19103F-16F7-4668-BE54-9A1E7A4F7556}") = "08_Covariance_Contravariance", "08_Covariance_Contravariance\08_Covariance_Contravariance.csproj", "{B55E4488-2DD6-4EE6-A75B-B5047CD58D15}"
EndProject
Project("{FAE04EC0-301F-11D3-BF4B-00C04F79EFBC}") = "09_Delegates", "09_Delegates\09_Delegates.csproj", "{20BA3479-8880-4AF3-B70A-5C312416F20F}"
EndProject
Global
	GlobalSection(SolutionConfigurationPlatforms) = preSolution
		Debug|Any CPU = Debug|Any CPU
		Release|Any CPU = Release|Any CPU
	EndGlobalSection
	GlobalSection(ProjectConfigurationPlatforms) = postSolution
		{5EFD34E8-9DFB-451A-8934-9960E386F2B5}.Debug|Any CPU.ActiveCfg = Debug|Any CPU
		{5EFD34E8-9DFB-451A-8934-9960E386F2B5}.Debug|Any CPU.Build.0 = Debug|Any CPU
		{5EFD34E8-9DFB-451A-8934-9960E386F2B5}.Release|Any CPU.ActiveCfg = Release|Any CPU
		{5EFD34E8-9DFB-451A-8934-9960E386F2B5}.Release|Any CPU.Build.0 = Release|Any CPU
		{C19E12A6-C5D6-48D4-B202-0872055B8696}.Debug|Any CPU.ActiveCfg = Debug|Any CPU
		{C19E12A6-C5D6-48D4-B202-0872055B8696}.Debug|Any CPU.Build.0 = Debug|Any CPU
		{C19E12A6-C5D6-48D4-B202-0872055B8696}.Release|Any CPU.ActiveCfg = Release|Any CPU
		{C19E12A6-C5D6-48D4-B202-0872055B8696}.Release|Any CPU.Build.0 = Release|Any CPU
		{0C547DC6-FB86-4D68-9694-363372CBA154}.Debug|Any CPU.ActiveCfg = Debug|Any CPU
		{0C547DC6-FB86-4D68-9694-363372CBA154}.Debug|Any CPU.Build.0 = Debug|Any CPU
		{0C547DC6-FB86-4D68-9694-363372CBA154}.Release|Any CPU.ActiveCfg = Release|Any CPU
		{0C547DC6-FB86-4D68-9694-363372CBA154}.Release|Any CPU.Build.0 = Release|Any CPU
		{88CE6D0E-BCF5-489C-B9FD-A4298EE31B32}.Debug|Any CPU.ActiveCfg = Debug|Any CPU
		{88CE6D0E-BCF5-489C-B9FD-A4298EE31B32}.Debug|Any CPU.Build.0 = Debug|Any CPU
		{88CE6D0E-BCF5-489C-B9FD-A4298EE31B32}.Release|Any CPU.ActiveCfg = Release|Any CPU
		{88CE6D0E-BCF5-489C-B9FD-A4298EE31B32}.Release|Any CPU.Build.0 = Release|Any CPU
		{0AB7EF68-BFD9-4E36-B98F-78FE46497C81}.Debug|Any CPU.ActiveCfg = Debug|Any CPU
		{0AB7EF68-BFD9-4E36-B98F-78FE46497C81}.Debug|Any CPU.Build.0 = Debug|Any CPU
		{0AB7EF68-BFD9-4E36-B98F-78FE46497C81}.Release|Any CPU.ActiveCfg = Release|Any CPU
		{0AB7EF68-BFD9-4E36-B98F-78FE46497C81}.Release|Any CPU.Build.0 = Release|Any CPU
		{302AA98D-5467-4250-A773-16C7FDA08C16}.Debug|Any CPU.ActiveCfg = Debug|Any CPU
		{302AA98D-5467-4250-A773-16C7FDA08C16}.Debug|Any CPU.Build.0 = Debug|Any CPU
		{302AA98D-5467-4250-A773-16C7FDA08C16}.Release|Any CPU.ActiveCfg = Release|Any CPU
		{302AA98D-5467-4250-A773-16C7FDA08C16}.Release|Any CPU.Build.0 = Release|Any CPU
		{E70A7AF6-D3F9-4BDD-B7AF-50852709FC0F}.Debug|Any CPU.ActiveCfg = Debug|Any CPU
		{E70A7AF6-D3F9-4BDD-B7AF-50852709FC0F}.Debug|Any CPU.Build.0 = Debug|Any CPU
		{E70A7AF6-D3F9-4BDD-B7AF-50852709FC0F}.Release|Any CPU.ActiveCfg = Release|Any CPU
		{E70A7AF6-D3F9-4BDD-B7AF-50852709FC0F}.Release|Any CPU.Build.0 = Release|Any CPU
		{B55E4488-2DD6-4EE6-A75B-B5047CD58D15}.Debug|Any CPU.ActiveCfg = Debug|Any CPU
		{B55E4488-2DD6-4EE6-A75B-B5047CD58D15}.Debug|Any CPU.Build.0 = Debug|Any CPU
		{B55E4488-2DD6-4EE6-A75B-B5047CD58D15}.Release|Any CPU.ActiveCfg = Release|Any CPU
		{B55E4488-2DD6-4EE6-A75B-B5047CD58D15}.Release|Any CPU.Build.0 = Release|Any CPU
		{20BA3479-8880-4AF3-B70A-5C312416F20F}.Debug|Any CPU.ActiveCfg = Debug|Any CPU
		{20BA3479-8880-4AF3-B70A-5C312416F20F}.Debug|Any CPU.Build.0 = Debug|Any CPU
		{20BA3479-8880-4AF3-B70A-5C312416F20F}.Release|Any CPU.ActiveCfg = Release|Any CPU
		{20BA3479-8880-4AF3-B70A-5C312416F20F}.Release|Any CPU.Build.0 = Release|Any CPU
	EndGlobalSection
	GlobalSection(SolutionProperties) = preSolution
		HideSolutionNode = FALSE
	EndGlobalSection
	GlobalSection(ExtensibilityGlobals) = postSolution
		SolutionGuid = {69F6BC0E-9786-4B39-8108-2005EBFA3409}
	EndGlobalSection
EndGlobal
