
Microsoft Visual Studio Solution File, Format Version 12.00
# Visual Studio Version 17
VisualStudioVersion = 17.0.31903.59
MinimumVisualStudioVersion = 10.0.40219.1
Project("{FAE04EC0-301F-11D3-BF4B-00C04F79EFBC}") = "01_Advanced_Arrays", "01_Advanced_Arrays\01_Advanced_Arrays.csproj", "{5EFD34E8-9DFB-451A-8934-9960E386F2B5}"
EndProject
Project("{FAE04EC0-301F-11D3-BF4B-00C04F79EFBC}") = "02_RefReturn_RefLocal", "02_RefReturn_RefLocal\02_RefReturn_RefLocal.csproj", "{C19E12A6-C5D6-48D4-B202-0872055B8696}"
EndProject
Project("{FAE04EC0-301F-11D3-BF4B-00C04F79EFBC}") = "03_Operator_Overloading", "03_Operator_Overloading\03_Operator_Overloading.csproj", "{0C547DC6-FB86-4D68-9694-363372CBA154}"
EndProject
Project("{FAE04EC0-301F-11D3-BF4B-00C04F79EFBC}") = "04_Implicit_Explicit", "04_Implicit_Explicit\04_Implicit_Explicit.csproj", "{88CE6D0E-BCF5-489C-B9FD-A4298EE31B32}"
EndProject
Global
	GlobalSection(SolutionConfigurationPlatforms) = preSolution
		Debug|Any CPU = Debug|Any CPU
		Release|Any CPU = Release|Any CPU
	EndGlobalSection
	GlobalSection(ProjectConfigurationPlatforms) = postSolution
		{5EFD34E8-9DFB-451A-8934-9960E386F2B5}.Debug|Any CPU.ActiveCfg = Debug|Any CPU
		{5EFD34E8-9DFB-451A-8934-9960E386F2B5}.Debug|Any CPU.Build.0 = Debug|Any CPU
		{5EFD34E8-9DFB-451A-8934-9960E386F2B5}.Release|Any CPU.ActiveCfg = Release|Any CPU
		{5EFD34E8-9DFB-451A-8934-9960E386F2B5}.Release|Any CPU.Build.0 = Release|Any CPU
		{C19E12A6-C5D6-48D4-B202-0872055B8696}.Debug|Any CPU.ActiveCfg = Debug|Any CPU
		{C19E12A6-C5D6-48D4-B202-0872055B8696}.Debug|Any CPU.Build.0 = Debug|Any CPU
		{C19E12A6-C5D6-48D4-B202-0872055B8696}.Release|Any CPU.ActiveCfg = Release|Any CPU
		{C19E12A6-C5D6-48D4-B202-0872055B8696}.Release|Any CPU.Build.0 = Release|Any CPU
		{0C547DC6-FB86-4D68-9694-363372CBA154}.Debug|Any CPU.ActiveCfg = Debug|Any CPU
		{0C547DC6-FB86-4D68-9694-363372CBA154}.Debug|Any CPU.Build.0 = Debug|Any CPU
		{0C547DC6-FB86-4D68-9694-363372CBA154}.Release|Any CPU.ActiveCfg = Release|Any CPU
		{0C547DC6-FB86-4D68-9694-363372CBA154}.Release|Any CPU.Build.0 = Release|Any CPU
		{88CE6D0E-BCF5-489C-B9FD-A4298EE31B32}.Debug|Any CPU.ActiveCfg = Debug|Any CPU
		{88CE6D0E-BCF5-489C-B9FD-A4298EE31B32}.Debug|Any CPU.Build.0 = Debug|Any CPU
		{88CE6D0E-BCF5-489C-B9FD-A4298EE31B32}.Release|Any CPU.ActiveCfg = Release|Any CPU
		{88CE6D0E-BCF5-489C-B9FD-A4298EE31B32}.Release|Any CPU.Build.0 = Release|Any CPU
	EndGlobalSection
	GlobalSection(SolutionProperties) = preSolution
		HideSolutionNode = FALSE
	EndGlobalSection
	GlobalSection(ExtensibilityGlobals) = postSolution
		SolutionGuid = {69F6BC0E-9786-4B39-8108-2005EBFA3409}
	EndGlobalSection
EndGlobal
